GIT
  remote: git://github.com/nanoc/nanoc.git
  revision: a5c553f8044b5040babcf4cec1e4014d572ddc5f
  specs:
    nanoc (4.0.0b4)
      cri (~> 2.3)

GEM
  remote: https://rubygems.org/
  specs:
    adsf (1.2.0)
      rack (>= 1.0.0)
    builder (3.2.2)
    celluloid (0.16.0)
      timers (~> 4.0.0)
    coderay (1.1.0)
    colored (1.2)
    commonjs (0.2.7)
    cri (2.7.0)
      colored (~> 1.2)
    daemons (1.2.2)
    eventmachine (1.0.7)
    execjs (2.5.2)
    ffi (1.9.8)
    formatador (0.2.5)
    fssm (0.2.10)
    guard (2.12.6)
      formatador (>= 0.2.4)
      listen (~> 2.7)
      lumberjack (~> 1.0)
      nenv (~> 0.1)
      notiffany (~> 0.0)
      pry (>= 0.9.12)
      shellany (~> 0.0)
      thor (>= 0.18.1)
    guard-nanoc (1.0.2)
      guard (>= 1.8.0)
      nanoc (>= 3.6.3)
    hitimes (1.2.2)
    json (1.8.3)
    less (2.6.0)
      commonjs (~> 0.2.7)
    libv8 (3.16.14.7)
    listen (2.10.1)
      celluloid (~> 0.16.0)
      rb-fsevent (>= 0.9.3)
      rb-inotify (>= 0.9)
    lumberjack (1.0.9)
    method_source (0.8.2)
    mime-types (2.6.1)
    mini_portile (0.6.2)
    nenv (0.2.0)
    nokogiri (1.6.6.2)
      mini_portile (~> 0.6.0)
    notiffany (0.0.6)
      nenv (~> 0.1)
      shellany (~> 0.0)
    posix-spawn (0.3.11)
    pry (0.10.1)
      coderay (~> 1.1.0)
      method_source (~> 0.8.1)
      slop (~> 3.4)
    pygments.rb (0.6.3)
      posix-spawn (~> 0.3.6)
      yajl-ruby (~> 1.2.0)
    rack (1.6.4)
    rainpress (1.0)
    rb-fsevent (0.9.5)
    rb-inotify (0.9.5)
      ffi (>= 0.5.0)
    rdiscount (2.1.8)
    redcarpet (3.3.1)
    ref (1.0.5)
    shellany (0.0.1)
    slim (3.0.6)
      temple (~> 0.7.3)
      tilt (>= 1.3.3, < 2.1)
    slop (3.6.0)
    systemu (2.6.5)
    temple (0.7.6)
    therubyracer (0.12.2)
      libv8 (~> 3.16.14.0)
      ref
    thin (1.6.3)
      daemons (~> 1.0, >= 1.0.9)
      eventmachine (~> 1.0)
      rack (~> 1.0)
    thor (0.19.1)
    tilt (2.0.1)
    timers (4.0.1)
      hitimes
    uglifier (2.7.1)
      execjs (>= 0.3.0)
      json (>= 1.8.0)
    yajl-ruby (1.2.1)
    yuicompressor (1.3.3)

PLATFORMS
  ruby

DEPENDENCIES
  adsf
  builder
  fssm
  guard-nanoc
  less
  mime-types
  nanoc!
  nokogiri
  pygments.rb
  rainpress
  rdiscount
  redcarpet
  slim
  systemu
  therubyracer
  thin
  uglifier
  yuicompressor

BUNDLED WITH
   1.10.4
